{
  "name": "weddell-static-site-generator",
  "version": "0.12.3",
  "lockfileVersion": 1,
  "requires": true,
  "dependencies": {
    "@types/babel-types": {
      "version": "7.0.7",
      "resolved": "https://npm.2kweb.online/@types%2fbabel-types/-/babel-types-7.0.7.tgz",
      "integrity": "sha512-dBtBbrc+qTHy1WdfHYjBwRln4+LWqASWakLHsWHR2NWHIFkv4W3O070IGoGLEBrJBvct3r0L1BUPuvURi7kYUQ=="
    },
    "@types/babylon": {
      "version": "6.16.5",
      "resolved": "https://npm.2kweb.online/@types%2fbabylon/-/babylon-6.16.5.tgz",
      "integrity": "sha512-xH2e58elpj1X4ynnKp9qSnWlsRTIs6n3tgLGNfwAGHwePw0mulHQllV34n0T25uYSu1k0hRKkWXF890B1yS47w==",
      "requires": {
        "@types/babel-types": "*"
      }
    },
    "@weddell/event-emitter-mixin": {
      "version": "1.1.5",
      "resolved": "https://npm.2kweb.online/@weddell%2fevent-emitter-mixin/-/event-emitter-mixin-1.1.5.tgz",
      "integrity": "sha512-CAkqGcUJBepVXcDxa/4w+aeFowFNBvQX0isDyUCQ+3+QSMra3SkbDfux1vGTdjBCaQECQy94GGndyGjF3k2xew==",
      "requires": {
        "@weddell/mixwith": "^0.1.5"
      }
    },
    "@weddell/mixwith": {
      "version": "0.1.5",
      "resolved": "https://npm.2kweb.online/@weddell%2fmixwith/-/mixwith-0.1.5.tgz",
      "integrity": "sha512-8oKb5/xXQHGNQk3oyq6iT/rkGg/1x5D/P7jCVkOrbnFsFGlWZPhQ1s0R7gBGGU7OBocuSu11zPH+szFp+hY0mA=="
    },
    "@weddell/vdom-virtualize": {
      "version": "2.0.1",
      "resolved": "https://npm.2kweb.online/@weddell%2fvdom-virtualize/-/vdom-virtualize-2.0.1.tgz",
      "integrity": "sha512-3C1TzH2zXRID7O1tMcHGUi3/Seg3rjZPagzAXEeEiZ9d5ivAgtu/MsiSTtXm/rcXfcgcSD0bCjtVheSOIH/+rA=="
    },
    "acorn": {
      "version": "3.3.0",
      "resolved": "https://npm.2kweb.online/acorn/-/acorn-3.3.0.tgz",
      "integrity": "sha1-ReN/s56No/JbruP/U2niu18iAXo="
    },
    "acorn-globals": {
      "version": "3.1.0",
      "resolved": "https://npm.2kweb.online/acorn-globals/-/acorn-globals-3.1.0.tgz",
      "integrity": "sha1-/YJw9x+7SZawBPqIDuXUZXOnMb8=",
      "requires": {
        "acorn": "^4.0.4"
      },
      "dependencies": {
        "acorn": {
          "version": "4.0.13",
          "resolved": "https://npm.2kweb.online/acorn/-/acorn-4.0.13.tgz",
          "integrity": "sha1-EFSVrlNh1pe9GVyCUZLhrX8lN4c="
        }
      }
    },
    "align-text": {
      "version": "0.1.4",
      "resolved": "https://npm.2kweb.online/align-text/-/align-text-0.1.4.tgz",
      "integrity": "sha1-DNkKVhCT810KmSVsIrcGlDP60Rc=",
      "requires": {
        "kind-of": "^3.0.2",
        "longest": "^1.0.1",
        "repeat-string": "^1.5.2"
      }
    },
    "any-promise": {
      "version": "1.3.0",
      "resolved": "https://npm.2kweb.online/any-promise/-/any-promise-1.3.0.tgz",
      "integrity": "sha1-q8av7tzqUugJzcA3au0845Y10X8="
    },
    "array-compact": {
      "version": "1.0.0",
      "resolved": "https://npm.2kweb.online/array-compact/-/array-compact-1.0.0.tgz",
      "integrity": "sha1-1ChOkWH76lKvwqxXEysD0lU5ArY="
    },
    "array-union": {
      "version": "1.0.2",
      "resolved": "https://npm.2kweb.online/array-union/-/array-union-1.0.2.tgz",
      "integrity": "sha1-mjRBDk9OPaI96jdb5b5w8kd47Dk=",
      "requires": {
        "array-uniq": "^1.0.1"
      }
    },
    "array-uniq": {
      "version": "1.0.3",
      "resolved": "https://npm.2kweb.online/array-uniq/-/array-uniq-1.0.3.tgz",
      "integrity": "sha1-r2rId6Jcx/dOBYiUdThY39sk/bY="
    },
    "array.prototype.flat": {
      "version": "1.2.1",
      "resolved": "https://npm.2kweb.online/array.prototype.flat/-/array.prototype.flat-1.2.1.tgz",
      "integrity": "sha512-rVqIs330nLJvfC7JqYvEWwqVr5QjYF1ib02i3YJtR/fICO6527Tjpc/e4Mvmxh3GIePPreRXMdaGyC99YphWEw==",
      "requires": {
        "define-properties": "^1.1.2",
        "es-abstract": "^1.10.0",
        "function-bind": "^1.1.1"
      }
    },
    "asap": {
      "version": "2.0.6",
      "resolved": "https://npm.2kweb.online/asap/-/asap-2.0.6.tgz",
      "integrity": "sha1-5QNHYR1+aQlDIIu9r+vLwvuGbUY="
    },
    "babel-runtime": {
      "version": "6.26.0",
      "resolved": "https://npm.2kweb.online/babel-runtime/-/babel-runtime-6.26.0.tgz",
      "integrity": "sha1-llxwWGaOgrVde/4E/yM3vItWR/4=",
      "requires": {
        "core-js": "^2.4.0",
        "regenerator-runtime": "^0.11.0"
      }
    },
    "babel-types": {
      "version": "6.26.0",
      "resolved": "https://npm.2kweb.online/babel-types/-/babel-types-6.26.0.tgz",
      "integrity": "sha1-o7Bz+Uq0nrb6Vc1lInozQ4BjJJc=",
      "requires": {
        "babel-runtime": "^6.26.0",
        "esutils": "^2.0.2",
        "lodash": "^4.17.4",
        "to-fast-properties": "^1.0.3"
      }
    },
    "babylon": {
      "version": "6.18.0",
      "resolved": "https://npm.2kweb.online/babylon/-/babylon-6.18.0.tgz",
      "integrity": "sha512-q/UEjfGJ2Cm3oKV71DJz9d25TPnq5rhBVL2Q4fA5wcC3jcrdn7+SssEybFIxwAvvP+YCsCYNKughoF33GxgycQ=="
    },
    "balanced-match": {
      "version": "1.0.0",
      "resolved": "https://npm.2kweb.online/balanced-match/-/balanced-match-1.0.0.tgz",
      "integrity": "sha1-ibTRmasr7kneFk6gK4nORi1xt2c="
    },
    "brace-expansion": {
      "version": "1.1.11",
      "resolved": "https://npm.2kweb.online/brace-expansion/-/brace-expansion-1.1.11.tgz",
      "integrity": "sha512-iCuPHDFgrHX7H2vEI/5xpz07zSHB00TpugqhmYtVmMO6518mCuRMoOYFldEBl0g187ufozdaHgWKcYFb61qGiA==",
      "requires": {
        "balanced-match": "^1.0.0",
        "concat-map": "0.0.1"
      }
    },
    "browser-split": {
      "version": "0.0.1",
      "resolved": "https://npm.2kweb.online/browser-split/-/browser-split-0.0.1.tgz",
      "integrity": "sha1-ewl1dPjj6tYG+0Zk5krf3aKYGpM="
    },
    "camelcase": {
      "version": "1.2.1",
      "resolved": "https://npm.2kweb.online/camelcase/-/camelcase-1.2.1.tgz",
      "integrity": "sha1-m7UwTS4LVmmLLHWLCKPqqdqlijk="
    },
    "camelize": {
      "version": "1.0.0",
      "resolved": "https://npm.2kweb.online/camelize/-/camelize-1.0.0.tgz",
      "integrity": "sha1-FkpUg+Yw+kMh5a8HAg5TGDGyYJs="
    },
    "center-align": {
      "version": "0.1.3",
      "resolved": "https://npm.2kweb.online/center-align/-/center-align-0.1.3.tgz",
      "integrity": "sha1-qg0yYptu6XIgBBHL1EYckHvCt60=",
      "requires": {
        "align-text": "^0.1.3",
        "lazy-cache": "^1.0.3"
      }
    },
    "character-parser": {
      "version": "2.2.0",
      "resolved": "https://npm.2kweb.online/character-parser/-/character-parser-2.2.0.tgz",
      "integrity": "sha1-x84o821LzZdE5f/CxfzeHHMmH8A=",
      "requires": {
        "is-regex": "^1.0.3"
      }
    },
    "clean-css": {
      "version": "4.2.1",
      "resolved": "https://npm.2kweb.online/clean-css/-/clean-css-4.2.1.tgz",
      "integrity": "sha512-4ZxI6dy4lrY6FHzfiy1aEOXgu4LIsW2MhwG0VBKdcoGoH/XLFgaHSdLTGr4O8Be6A8r3MOphEiI8Gc1n0ecf3g==",
      "requires": {
        "source-map": "~0.6.0"
      }
    },
    "cliui": {
      "version": "2.1.0",
      "resolved": "https://npm.2kweb.online/cliui/-/cliui-2.1.0.tgz",
      "integrity": "sha1-S0dXYP+AJkx2LDoXGQMukcf+oNE=",
      "requires": {
        "center-align": "^0.1.1",
        "right-align": "^0.1.1",
        "wordwrap": "0.0.2"
      }
    },
    "colors": {
      "version": "1.3.3",
      "resolved": "https://npm.2kweb.online/colors/-/colors-1.3.3.tgz",
      "integrity": "sha512-mmGt/1pZqYRjMxB1axhTo16/snVZ5krrKkcmMeVKxzECMMXoCgnvTPp10QgHfcbQZw8Dq2jMNG6je4JlWU0gWg=="
    },
    "concat-map": {
      "version": "0.0.1",
      "resolved": "https://npm.2kweb.online/concat-map/-/concat-map-0.0.1.tgz",
      "integrity": "sha1-2Klr13/Wjfd5OnMDajug1UBdR3s="
    },
    "constantinople": {
      "version": "3.1.2",
      "resolved": "https://npm.2kweb.online/constantinople/-/constantinople-3.1.2.tgz",
      "integrity": "sha512-yePcBqEFhLOqSBtwYOGGS1exHo/s1xjekXiinh4itpNQGCu4KA1euPh1fg07N2wMITZXQkBz75Ntdt1ctGZouw==",
      "requires": {
        "@types/babel-types": "^7.0.0",
        "@types/babylon": "^6.16.2",
        "babel-types": "^6.26.0",
        "babylon": "^6.18.0"
      }
    },
    "core-js": {
      "version": "2.6.9",
      "resolved": "https://npm.2kweb.online/core-js/-/core-js-2.6.9.tgz",
      "integrity": "sha512-HOpZf6eXmnl7la+cUdMnLvUxKNqLUzJvgIziQ0DiF3JwSImNphIqdGqzj6hIKyX04MmV0poclQ7+wjWvxQyR2A=="
    },
    "decamelize": {
      "version": "1.2.0",
      "resolved": "https://npm.2kweb.online/decamelize/-/decamelize-1.2.0.tgz",
      "integrity": "sha1-9lNNFRSCabIDUue+4m9QH5oZEpA="
    },
    "deep-equal": {
      "version": "1.0.1",
      "resolved": "https://npm.2kweb.online/deep-equal/-/deep-equal-1.0.1.tgz",
      "integrity": "sha1-9dJgKStmDghO/0zbyfCK0yR0SLU="
    },
    "defaults-es6": {
      "version": "1.1.1",
      "resolved": "https://npm.2kweb.online/defaults-es6/-/defaults-es6-1.1.1.tgz",
      "integrity": "sha512-gWOR5849RHwPE6E6JdWLS5xjvUyszFK3OwAtn0A+Ieu/dQjIkxhRbgHk8VboJQ2+DA3RKyM4VYsS1Srd/xAoow=="
    },
    "define-properties": {
      "version": "1.1.3",
      "resolved": "https://npm.2kweb.online/define-properties/-/define-properties-1.1.3.tgz",
      "integrity": "sha512-3MqfYKj2lLzdMSf8ZIZE/V+Zuy+BgD6f164e8K2w7dgnpKArBDerGYpM46IYYcjnkdPNMjPk9A6VFB8+3SKlXQ==",
      "requires": {
        "object-keys": "^1.0.12"
      }
    },
    "del": {
      "version": "3.0.0",
      "resolved": "https://npm.2kweb.online/del/-/del-3.0.0.tgz",
      "integrity": "sha1-U+z2mf/LyzljdpGrE7rxYIGXZuU=",
      "requires": {
        "globby": "^6.1.0",
        "is-path-cwd": "^1.0.0",
        "is-path-in-cwd": "^1.0.0",
        "p-map": "^1.1.1",
        "pify": "^3.0.0",
        "rimraf": "^2.2.8"
      }
    },
    "doctypes": {
      "version": "1.1.0",
      "resolved": "https://npm.2kweb.online/doctypes/-/doctypes-1.1.0.tgz",
      "integrity": "sha1-6oCxBqh1OHdOijpKWv4pPeSJ4Kk="
    },
    "document-ready-promise": {
      "version": "3.0.1",
      "resolved": "https://npm.2kweb.online/document-ready-promise/-/document-ready-promise-3.0.1.tgz",
      "integrity": "sha1-m0J24lUI4Iu1+iI05BUSpmhql/Q="
    },
    "dom-walk": {
      "version": "0.1.1",
      "resolved": "https://npm.2kweb.online/dom-walk/-/dom-walk-0.1.1.tgz",
      "integrity": "sha1-ZyIm3HTI95mtNTB9+TaroRrNYBg="
    },
    "error": {
      "version": "4.4.0",
      "resolved": "https://npm.2kweb.online/error/-/error-4.4.0.tgz",
      "integrity": "sha1-v2n/JR+0onnBmtzNqmth6Q2b8So=",
      "requires": {
        "camelize": "^1.0.0",
        "string-template": "~0.2.0",
        "xtend": "~4.0.0"
      }
    },
    "es-abstract": {
      "version": "1.13.0",
      "resolved": "https://npm.2kweb.online/es-abstract/-/es-abstract-1.13.0.tgz",
      "integrity": "sha512-vDZfg/ykNxQVwup/8E1BZhVzFfBxs9NqMzGcvIJrqg5k2/5Za2bWo40dK2J1pgLngZ7c+Shh8lwYtLGyrwPutg==",
      "requires": {
        "es-to-primitive": "^1.2.0",
        "function-bind": "^1.1.1",
        "has": "^1.0.3",
        "is-callable": "^1.1.4",
        "is-regex": "^1.0.4",
        "object-keys": "^1.0.12"
      }
    },
    "es-to-primitive": {
      "version": "1.2.0",
      "resolved": "https://npm.2kweb.online/es-to-primitive/-/es-to-primitive-1.2.0.tgz",
      "integrity": "sha512-qZryBOJjV//LaxLTV6UC//WewneB3LcXOL9NP++ozKVXsIIIpm/2c13UDiD9Jp2eThsecw9m3jPqDwTyobcdbg==",
      "requires": {
        "is-callable": "^1.1.4",
        "is-date-object": "^1.0.1",
        "is-symbol": "^1.0.2"
      }
    },
    "esutils": {
      "version": "2.0.2",
      "resolved": "https://npm.2kweb.online/esutils/-/esutils-2.0.2.tgz",
      "integrity": "sha1-Cr9PHKpbyx96nYrMbepPqqBLrJs="
    },
    "ev-store": {
      "version": "7.0.0",
      "resolved": "https://npm.2kweb.online/ev-store/-/ev-store-7.0.0.tgz",
      "integrity": "sha1-GrDH+CE2UF3XSzHRdwHLK+bSZVg=",
      "requires": {
        "individual": "^3.0.0"
      }
    },
    "find-parent": {
      "version": "2.0.2",
      "resolved": "https://npm.2kweb.online/find-parent/-/find-parent-2.0.2.tgz",
      "integrity": "sha1-RAi2EwaA+8+01xjfT2ikO4DZjsg="
    },
    "fs.realpath": {
      "version": "1.0.0",
      "resolved": "https://npm.2kweb.online/fs.realpath/-/fs.realpath-1.0.0.tgz",
      "integrity": "sha1-FQStJSMVjKpA20onh8sBQRmU6k8="
    },
    "function-bind": {
      "version": "1.1.1",
      "resolved": "https://npm.2kweb.online/function-bind/-/function-bind-1.1.1.tgz",
      "integrity": "sha512-yIovAzMX49sF8Yl58fSCWJ5svSLuaibPxXQJFLmBObTuCr0Mf1KiPopGM9NiFjiYBCbfaa2Fh6breQ6ANVTI0A=="
    },
    "glob": {
      "version": "7.1.4",
      "resolved": "https://npm.2kweb.online/glob/-/glob-7.1.4.tgz",
      "integrity": "sha512-hkLPepehmnKk41pUGm3sYxoFs/umurYfYJCerbXEyFIWcAzvpipAgVkBqqT9RBKMGjnq6kMuyYwha6csxbiM1A==",
      "requires": {
        "fs.realpath": "^1.0.0",
        "inflight": "^1.0.4",
        "inherits": "2",
        "minimatch": "^3.0.4",
        "once": "^1.3.0",
        "path-is-absolute": "^1.0.0"
      }
    },
    "global": {
      "version": "4.4.0",
      "resolved": "https://npm.2kweb.online/global/-/global-4.4.0.tgz",
      "integrity": "sha512-wv/LAoHdRE3BeTGz53FAamhGlPLhlssK45usmGFThIi4XqnBmjKQ16u+RNbP7WvigRZDxUsM0J3gcQ5yicaL0w==",
      "requires": {
        "min-document": "^2.19.0",
        "process": "^0.11.10"
      }
    },
    "globby": {
      "version": "6.1.0",
      "resolved": "https://npm.2kweb.online/globby/-/globby-6.1.0.tgz",
      "integrity": "sha1-9abXDoOV4hyFj7BInWTfAkJNUGw=",
      "requires": {
        "array-union": "^1.0.1",
        "glob": "^7.0.3",
        "object-assign": "^4.0.1",
        "pify": "^2.0.0",
        "pinkie-promise": "^2.0.0"
      },
      "dependencies": {
        "pify": {
          "version": "2.3.0",
          "resolved": "https://npm.2kweb.online/pify/-/pify-2.3.0.tgz",
          "integrity": "sha1-7RQaasBDqEnqWISY59yosVMw6Qw="
        }
      }
    },
    "has": {
      "version": "1.0.3",
      "resolved": "https://npm.2kweb.online/has/-/has-1.0.3.tgz",
      "integrity": "sha512-f2dvO0VU6Oej7RkWJGrehjbzMAjFp5/VKPp5tTpWIV4JHHZK1/BxbFRtf/siA2SWTe09caDmVtYYzWEIbBS4zw==",
      "requires": {
        "function-bind": "^1.1.1"
      }
    },
    "has-symbols": {
      "version": "1.0.0",
      "resolved": "https://npm.2kweb.online/has-symbols/-/has-symbols-1.0.0.tgz",
      "integrity": "sha1-uhqPGvKg/DllD1yFA2dwQSIGO0Q="
    },
    "individual": {
      "version": "3.0.0",
      "resolved": "https://npm.2kweb.online/individual/-/individual-3.0.0.tgz",
      "integrity": "sha1-58pPhfiVewGHNPKFdQ3CLsL5hi0="
    },
    "inflight": {
      "version": "1.0.6",
      "resolved": "https://npm.2kweb.online/inflight/-/inflight-1.0.6.tgz",
      "integrity": "sha1-Sb1jMdfQLQwJvJEKEHW6gWW1bfk=",
      "requires": {
        "once": "^1.3.0",
        "wrappy": "1"
      }
    },
    "inherits": {
      "version": "2.0.4",
      "resolved": "https://npm.2kweb.online/inherits/-/inherits-2.0.4.tgz",
      "integrity": "sha512-k/vGaX4/Yla3WzyMCvTQOXYeIHvqOKtnqBduzTHpzpQZzAskKMhZ2K+EnBiSM9zGSoIFeMpXKxa4dYeZIQqewQ=="
    },
    "is-buffer": {
      "version": "1.1.6",
      "resolved": "https://npm.2kweb.online/is-buffer/-/is-buffer-1.1.6.tgz",
      "integrity": "sha512-NcdALwpXkTm5Zvvbk7owOUSvVvBKDgKP5/ewfXEznmQFfs4ZRmanOeKBTjRVjka3QFoN6XJ+9F3USqfHqTaU5w=="
    },
    "is-callable": {
      "version": "1.1.4",
      "resolved": "https://npm.2kweb.online/is-callable/-/is-callable-1.1.4.tgz",
      "integrity": "sha512-r5p9sxJjYnArLjObpjA4xu5EKI3CuKHkJXMhT7kwbpUyIFD1n5PMAsoPvWnvtZiNz7LjkYDRZhd7FlI0eMijEA=="
    },
    "is-date-object": {
      "version": "1.0.1",
      "resolved": "https://npm.2kweb.online/is-date-object/-/is-date-object-1.0.1.tgz",
      "integrity": "sha1-mqIOtq7rv/d/vTPnTKAbM1gdOhY="
    },
    "is-expression": {
      "version": "3.0.0",
      "resolved": "https://npm.2kweb.online/is-expression/-/is-expression-3.0.0.tgz",
      "integrity": "sha1-Oayqa+f9HzRx3ELHQW5hwkMXrJ8=",
      "requires": {
        "acorn": "~4.0.2",
        "object-assign": "^4.0.1"
      },
      "dependencies": {
        "acorn": {
          "version": "4.0.13",
          "resolved": "https://npm.2kweb.online/acorn/-/acorn-4.0.13.tgz",
          "integrity": "sha1-EFSVrlNh1pe9GVyCUZLhrX8lN4c="
        }
      }
    },
    "is-object": {
      "version": "1.0.1",
      "resolved": "https://npm.2kweb.online/is-object/-/is-object-1.0.1.tgz",
      "integrity": "sha1-iVJojF7C/9awPsyF52ngKQMINHA="
    },
    "is-path-cwd": {
      "version": "1.0.0",
      "resolved": "https://npm.2kweb.online/is-path-cwd/-/is-path-cwd-1.0.0.tgz",
      "integrity": "sha1-0iXsIxMuie3Tj9p2dHLmLmXxEG0="
    },
    "is-path-in-cwd": {
      "version": "1.0.1",
      "resolved": "https://npm.2kweb.online/is-path-in-cwd/-/is-path-in-cwd-1.0.1.tgz",
      "integrity": "sha512-FjV1RTW48E7CWM7eE/J2NJvAEEVektecDBVBE5Hh3nM1Jd0kvhHtX68Pr3xsDf857xt3Y4AkwVULK1Vku62aaQ==",
      "requires": {
        "is-path-inside": "^1.0.0"
      }
    },
    "is-path-inside": {
      "version": "1.0.1",
      "resolved": "https://npm.2kweb.online/is-path-inside/-/is-path-inside-1.0.1.tgz",
      "integrity": "sha1-jvW33lBDej/cprToZe96pVy0gDY=",
      "requires": {
        "path-is-inside": "^1.0.1"
      }
    },
    "is-promise": {
      "version": "2.1.0",
      "resolved": "https://npm.2kweb.online/is-promise/-/is-promise-2.1.0.tgz",
      "integrity": "sha1-eaKp7OfwlugPNtKy87wWwf9L8/o="
    },
    "is-regex": {
      "version": "1.0.4",
      "resolved": "https://npm.2kweb.online/is-regex/-/is-regex-1.0.4.tgz",
      "integrity": "sha1-VRdIm1RwkbCTDglWVM7SXul+lJE=",
      "requires": {
        "has": "^1.0.1"
      }
    },
    "is-symbol": {
      "version": "1.0.2",
      "resolved": "https://npm.2kweb.online/is-symbol/-/is-symbol-1.0.2.tgz",
      "integrity": "sha512-HS8bZ9ox60yCJLH9snBpIwv9pYUAkcuLhSA1oero1UB5y9aiQpRA8y2ex945AOtCZL1lJDeIk3G5LthswI46Lw==",
      "requires": {
        "has-symbols": "^1.0.0"
      }
    },
    "isarray": {
      "version": "0.0.1",
      "resolved": "https://npm.2kweb.online/isarray/-/isarray-0.0.1.tgz",
      "integrity": "sha1-ihis/Kmo9Bd+Cav8YDiTmwXR7t8="
    },
    "js-stringify": {
      "version": "1.0.2",
      "resolved": "https://npm.2kweb.online/js-stringify/-/js-stringify-1.0.2.tgz",
      "integrity": "sha1-Fzb939lyTyijaCrcYjCufk6Weds="
    },
    "jstransformer": {
      "version": "1.0.0",
      "resolved": "https://npm.2kweb.online/jstransformer/-/jstransformer-1.0.0.tgz",
      "integrity": "sha1-7Yvwkh4vPx7U1cGkT2hwntJHIsM=",
      "requires": {
        "is-promise": "^2.0.0",
        "promise": "^7.0.1"
      }
    },
    "kind-of": {
      "version": "3.2.2",
      "resolved": "https://npm.2kweb.online/kind-of/-/kind-of-3.2.2.tgz",
      "integrity": "sha1-MeohpzS6ubuw8yRm2JOupR5KPGQ=",
      "requires": {
        "is-buffer": "^1.1.5"
      }
    },
    "lazy-cache": {
      "version": "1.0.4",
      "resolved": "https://npm.2kweb.online/lazy-cache/-/lazy-cache-1.0.4.tgz",
      "integrity": "sha1-odePw6UEdMuAhF07O24dpJpEbo4="
    },
    "lodash": {
      "version": "4.17.11",
      "resolved": "https://npm.2kweb.online/lodash/-/lodash-4.17.11.tgz",
      "integrity": "sha512-cQKh8igo5QUhZ7lg38DYWAxMvjSAKG0A8wGSVimP07SIUEK2UO+arSRKbRZWtelMtN5V0Hkwh5ryOto/SshYIg=="
    },
    "longest": {
      "version": "1.0.1",
      "resolved": "https://npm.2kweb.online/longest/-/longest-1.0.1.tgz",
      "integrity": "sha1-MKCy2jj3N3DoKUoNIuZiXtd9AJc="
    },
    "min-document": {
      "version": "2.19.0",
      "resolved": "https://npm.2kweb.online/min-document/-/min-document-2.19.0.tgz",
      "integrity": "sha1-e9KC4/WELtKVu3SM3Z8f+iyCRoU=",
      "requires": {
        "dom-walk": "^0.1.0"
      }
    },
    "minimatch": {
      "version": "3.0.4",
      "resolved": "https://npm.2kweb.online/minimatch/-/minimatch-3.0.4.tgz",
      "integrity": "sha512-yJHVQEhyqPLUTgt9B83PXu6W3rx4MvvHvSUvToogpwoGDOUQ+yDrR0HRot+yOCdCO7u4hX3pWft6kWBBcqh0UA==",
      "requires": {
        "brace-expansion": "^1.1.7"
      }
    },
    "minimist": {
      "version": "0.0.8",
      "resolved": "https://npm.2kweb.online/minimist/-/minimist-0.0.8.tgz",
      "integrity": "sha1-hX/Kv8M5fSYluCKCYuhqp6ARsF0="
    },
    "mkdirp": {
      "version": "0.5.1",
      "resolved": "https://npm.2kweb.online/mkdirp/-/mkdirp-0.5.1.tgz",
      "integrity": "sha1-MAV0OOrGz3+MR2fzhkjWaX11yQM=",
      "requires": {
        "minimist": "0.0.8"
      }
    },
    "mkdirp-then": {
      "version": "1.2.0",
      "resolved": "https://npm.2kweb.online/mkdirp-then/-/mkdirp-then-1.2.0.tgz",
      "integrity": "sha1-pJLIecpNhz9e5FAI+PVf0BUN48U=",
      "requires": {
        "any-promise": "^1.1.0",
        "mkdirp": "^0.5.0"
      }
    },
    "mz": {
      "version": "2.7.0",
      "resolved": "https://npm.2kweb.online/mz/-/mz-2.7.0.tgz",
      "integrity": "sha512-z81GNO7nnYMEhrGh9LeymoE4+Yr0Wn5McHIZMK5cfQCl+NDX08sCZgUc9/6MHni9IWuFLm1Z3HTCXu2z9fN62Q==",
      "requires": {
        "any-promise": "^1.0.0",
        "object-assign": "^4.0.1",
        "thenify-all": "^1.0.0"
      }
    },
    "next-tick": {
      "version": "0.2.2",
      "resolved": "https://npm.2kweb.online/next-tick/-/next-tick-0.2.2.tgz",
      "integrity": "sha1-ddpKkn7liH45BliABltzNkE7MQ0="
    },
    "object-assign": {
      "version": "4.1.1",
      "resolved": "https://npm.2kweb.online/object-assign/-/object-assign-4.1.1.tgz",
      "integrity": "sha1-IQmtx5ZYh8/AXLvUQsrIv7s2CGM="
    },
    "object-keys": {
      "version": "1.1.1",
      "resolved": "https://npm.2kweb.online/object-keys/-/object-keys-1.1.1.tgz",
      "integrity": "sha512-NuAESUOUMrlIXOfHKzD6bpPu3tYt3xvjNdRIQ+FeT0lNb4K8WR70CaDxhuNguS2XG+GjkyMwOzsN5ZktImfhLA=="
    },
    "once": {
      "version": "1.4.0",
      "resolved": "https://npm.2kweb.online/once/-/once-1.4.0.tgz",
      "integrity": "sha1-WDsap3WWHUsROsF9nFC6753Xa9E=",
      "requires": {
        "wrappy": "1"
      }
    },
    "p-map": {
      "version": "1.2.0",
      "resolved": "https://npm.2kweb.online/p-map/-/p-map-1.2.0.tgz",
      "integrity": "sha512-r6zKACMNhjPJMTl8KcFH4li//gkrXWfbD6feV8l6doRHlzljFWGJ2AP6iKaCJXyZmAUMOPtvbW7EXkbWO/pLEA=="
    },
    "path-is-absolute": {
      "version": "1.0.1",
      "resolved": "https://npm.2kweb.online/path-is-absolute/-/path-is-absolute-1.0.1.tgz",
      "integrity": "sha1-F0uSaHNVNP+8es5r9TpanhtcX18="
    },
    "path-is-inside": {
      "version": "1.0.2",
      "resolved": "https://npm.2kweb.online/path-is-inside/-/path-is-inside-1.0.2.tgz",
      "integrity": "sha1-NlQX3t5EQw0cEa9hAn+s8HS9/FM="
    },
    "path-parse": {
      "version": "1.0.6",
      "resolved": "https://npm.2kweb.online/path-parse/-/path-parse-1.0.6.tgz",
      "integrity": "sha512-GSmOT2EbHrINBf9SR7CDELwlJ8AENk3Qn7OikK4nFYAu3Ote2+JYNVvkpAEQm3/TLNEJFD/xZJjzyxg3KBWOzw=="
    },
    "path-to-regexp": {
      "version": "1.7.0",
      "resolved": "https://npm.2kweb.online/path-to-regexp/-/path-to-regexp-1.7.0.tgz",
      "integrity": "sha1-Wf3g9DW62suhA6hOnTvGTpa5k30=",
      "requires": {
        "isarray": "0.0.1"
      }
    },
    "pify": {
      "version": "3.0.0",
      "resolved": "https://npm.2kweb.online/pify/-/pify-3.0.0.tgz",
      "integrity": "sha1-5aSs0sEB/fPZpNB/DbxNtJ3SgXY="
    },
    "pinkie": {
      "version": "2.0.4",
      "resolved": "https://npm.2kweb.online/pinkie/-/pinkie-2.0.4.tgz",
      "integrity": "sha1-clVrgM+g1IqXToDnckjoDtT3+HA="
    },
    "pinkie-promise": {
      "version": "2.0.1",
      "resolved": "https://npm.2kweb.online/pinkie-promise/-/pinkie-promise-2.0.1.tgz",
      "integrity": "sha1-ITXW36ejWMBprJsXh3YogihFD/o=",
      "requires": {
        "pinkie": "^2.0.0"
      }
    },
    "process": {
      "version": "0.11.10",
      "resolved": "https://npm.2kweb.online/process/-/process-0.11.10.tgz",
      "integrity": "sha1-czIwDoQBYb2j5podHZGn1LwW8YI="
    },
    "progress": {
      "version": "2.0.3",
      "resolved": "https://npm.2kweb.online/progress/-/progress-2.0.3.tgz",
      "integrity": "sha512-7PiHtLll5LdnKIMw100I+8xJXR5gW2QwWYkT6iJva0bXitZKa/XMrSbdmg3r2Xnaidz9Qumd0VPaMrZlF9V9sA=="
    },
    "promise": {
      "version": "7.3.1",
      "resolved": "https://npm.2kweb.online/promise/-/promise-7.3.1.tgz",
      "integrity": "sha512-nolQXZ/4L+bP/UGlkfaIujX9BKxGwmQ9OT4mOt5yvy8iK1h3wqTEJCijzGANTCCl9nWjY41juyAn2K3Q1hLLTg==",
      "requires": {
        "asap": "~2.0.3"
      }
    },
    "pug": {
      "version": "2.0.4",
      "resolved": "https://npm.2kweb.online/pug/-/pug-2.0.4.tgz",
      "integrity": "sha512-XhoaDlvi6NIzL49nu094R2NA6P37ijtgMDuWE+ofekDChvfKnzFal60bhSdiy8y2PBO6fmz3oMEIcfpBVRUdvw==",
      "requires": {
        "pug-code-gen": "^2.0.2",
        "pug-filters": "^3.1.1",
        "pug-lexer": "^4.1.0",
        "pug-linker": "^3.0.6",
        "pug-load": "^2.0.12",
        "pug-parser": "^5.0.1",
        "pug-runtime": "^2.0.5",
        "pug-strip-comments": "^1.0.4"
      }
    },
    "pug-attrs": {
      "version": "2.0.4",
      "resolved": "https://npm.2kweb.online/pug-attrs/-/pug-attrs-2.0.4.tgz",
      "integrity": "sha512-TaZ4Z2TWUPDJcV3wjU3RtUXMrd3kM4Wzjbe3EWnSsZPsJ3LDI0F3yCnf2/W7PPFF+edUFQ0HgDL1IoxSz5K8EQ==",
      "requires": {
        "constantinople": "^3.0.1",
        "js-stringify": "^1.0.1",
        "pug-runtime": "^2.0.5"
      }
    },
    "pug-code-gen": {
      "version": "2.0.2",
      "resolved": "https://npm.2kweb.online/pug-code-gen/-/pug-code-gen-2.0.2.tgz",
      "integrity": "sha512-kROFWv/AHx/9CRgoGJeRSm+4mLWchbgpRzTEn8XCiwwOy6Vh0gAClS8Vh5TEJ9DBjaP8wCjS3J6HKsEsYdvaCw==",
      "requires": {
        "constantinople": "^3.1.2",
        "doctypes": "^1.1.0",
        "js-stringify": "^1.0.1",
        "pug-attrs": "^2.0.4",
        "pug-error": "^1.3.3",
        "pug-runtime": "^2.0.5",
        "void-elements": "^2.0.1",
        "with": "^5.0.0"
      }
    },
    "pug-error": {
      "version": "1.3.3",
      "resolved": "https://npm.2kweb.online/pug-error/-/pug-error-1.3.3.tgz",
      "integrity": "sha512-qE3YhESP2mRAWMFJgKdtT5D7ckThRScXRwkfo+Erqga7dyJdY3ZquspprMCj/9sJ2ijm5hXFWQE/A3l4poMWiQ=="
    },
    "pug-filters": {
      "version": "3.1.1",
      "resolved": "https://npm.2kweb.online/pug-filters/-/pug-filters-3.1.1.tgz",
      "integrity": "sha512-lFfjNyGEyVWC4BwX0WyvkoWLapI5xHSM3xZJFUhx4JM4XyyRdO8Aucc6pCygnqV2uSgJFaJWW3Ft1wCWSoQkQg==",
      "requires": {
        "clean-css": "^4.1.11",
        "constantinople": "^3.0.1",
        "jstransformer": "1.0.0",
        "pug-error": "^1.3.3",
        "pug-walk": "^1.1.8",
        "resolve": "^1.1.6",
        "uglify-js": "^2.6.1"
      }
    },
    "pug-lexer": {
      "version": "4.1.0",
      "resolved": "https://npm.2kweb.online/pug-lexer/-/pug-lexer-4.1.0.tgz",
      "integrity": "sha512-i55yzEBtjm0mlplW4LoANq7k3S8gDdfC6+LThGEvsK4FuobcKfDAwt6V4jKPH9RtiE3a2Akfg5UpafZ1OksaPA==",
      "requires": {
        "character-parser": "^2.1.1",
        "is-expression": "^3.0.0",
        "pug-error": "^1.3.3"
      }
    },
    "pug-linker": {
      "version": "3.0.6",
      "resolved": "https://npm.2kweb.online/pug-linker/-/pug-linker-3.0.6.tgz",
      "integrity": "sha512-bagfuHttfQOpANGy1Y6NJ+0mNb7dD2MswFG2ZKj22s8g0wVsojpRlqveEQHmgXXcfROB2RT6oqbPYr9EN2ZWzg==",
      "requires": {
        "pug-error": "^1.3.3",
        "pug-walk": "^1.1.8"
      }
    },
    "pug-load": {
      "version": "2.0.12",
      "resolved": "https://npm.2kweb.online/pug-load/-/pug-load-2.0.12.tgz",
      "integrity": "sha512-UqpgGpyyXRYgJs/X60sE6SIf8UBsmcHYKNaOccyVLEuT6OPBIMo6xMPhoJnqtB3Q3BbO4Z3Bjz5qDsUWh4rXsg==",
      "requires": {
        "object-assign": "^4.1.0",
        "pug-walk": "^1.1.8"
      }
    },
    "pug-parser": {
      "version": "5.0.1",
      "resolved": "https://npm.2kweb.online/pug-parser/-/pug-parser-5.0.1.tgz",
      "integrity": "sha512-nGHqK+w07p5/PsPIyzkTQfzlYfuqoiGjaoqHv1LjOv2ZLXmGX1O+4Vcvps+P4LhxZ3drYSljjq4b+Naid126wA==",
      "requires": {
        "pug-error": "^1.3.3",
        "token-stream": "0.0.1"
      }
    },
    "pug-runtime": {
      "version": "2.0.5",
      "resolved": "https://npm.2kweb.online/pug-runtime/-/pug-runtime-2.0.5.tgz",
      "integrity": "sha512-P+rXKn9un4fQY77wtpcuFyvFaBww7/91f3jHa154qU26qFAnOe6SW1CbIDcxiG5lLK9HazYrMCCuDvNgDQNptw=="
    },
    "pug-strip-comments": {
      "version": "1.0.4",
      "resolved": "https://npm.2kweb.online/pug-strip-comments/-/pug-strip-comments-1.0.4.tgz",
      "integrity": "sha512-i5j/9CS4yFhSxHp5iKPHwigaig/VV9g+FgReLJWWHEHbvKsbqL0oP/K5ubuLco6Wu3Kan5p7u7qk8A4oLLh6vw==",
      "requires": {
        "pug-error": "^1.3.3"
      }
    },
    "pug-walk": {
      "version": "1.1.8",
      "resolved": "https://npm.2kweb.online/pug-walk/-/pug-walk-1.1.8.tgz",
      "integrity": "sha512-GMu3M5nUL3fju4/egXwZO0XLi6fW/K3T3VTgFQ14GxNi8btlxgT5qZL//JwZFm/2Fa64J/PNS8AZeys3wiMkVA=="
    },
    "regenerator-runtime": {
      "version": "0.11.1",
      "resolved": "https://npm.2kweb.online/regenerator-runtime/-/regenerator-runtime-0.11.1.tgz",
      "integrity": "sha512-MguG95oij0fC3QV3URf4V2SDYGJhJnJGqvIIgdECeODCT98wSWDAJ94SSuVpYQUoTcGUIL6L4yNB7j1DFFHSBg=="
    },
    "repeat-string": {
      "version": "1.6.1",
      "resolved": "https://npm.2kweb.online/repeat-string/-/repeat-string-1.6.1.tgz",
      "integrity": "sha1-jcrkcOHIirwtYA//Sndihtp15jc="
    },
    "resolve": {
      "version": "1.11.1",
      "resolved": "https://npm.2kweb.online/resolve/-/resolve-1.11.1.tgz",
      "integrity": "sha512-vIpgF6wfuJOZI7KKKSP+HmiKggadPQAdsp5HiC1mvqnfp0gF1vdwgBWZIdrVft9pgqoMFQN+R7BSWZiBxx+BBw==",
      "requires": {
        "path-parse": "^1.0.6"
      }
    },
    "right-align": {
      "version": "0.1.3",
      "resolved": "https://npm.2kweb.online/right-align/-/right-align-0.1.3.tgz",
      "integrity": "sha1-YTObci/mo1FWiSENJOFMlhSGE+8=",
      "requires": {
        "align-text": "^0.1.1"
      }
    },
    "rimraf": {
      "version": "2.6.3",
      "resolved": "https://npm.2kweb.online/rimraf/-/rimraf-2.6.3.tgz",
      "integrity": "sha512-mwqeW5XsA2qAejG46gYdENaxXjx9onRNCfn7L0duuP4hCuTIi/QO7PDK07KJfp1d+izWPrzEJDcSqBa0OZQriA==",
      "requires": {
        "glob": "^7.1.3"
      }
    },
    "source-map": {
      "version": "0.6.1",
      "resolved": "https://npm.2kweb.online/source-map/-/source-map-0.6.1.tgz",
      "integrity": "sha512-UjgapumWlbMhkBgzT7Ykc5YXUT46F0iKu8SGXq0bcwP5dz/h0Plj6enJqjz1Zbq2l5WaqYnrVbwWOWMyF3F47g=="
    },
    "string-template": {
      "version": "0.2.1",
      "resolved": "https://npm.2kweb.online/string-template/-/string-template-0.2.1.tgz",
      "integrity": "sha1-QpMuWYo1LQH8IuwzZ9nYTuxsmt0="
    },
    "thenify": {
      "version": "3.3.0",
      "resolved": "https://npm.2kweb.online/thenify/-/thenify-3.3.0.tgz",
      "integrity": "sha1-5p44obq+lpsBCCB5eLn2K4hgSDk=",
      "requires": {
        "any-promise": "^1.0.0"
      }
    },
    "thenify-all": {
      "version": "1.6.0",
      "resolved": "https://npm.2kweb.online/thenify-all/-/thenify-all-1.6.0.tgz",
      "integrity": "sha1-GhkY1ALY/D+Y+/I02wvMjMEOlyY=",
      "requires": {
        "thenify": ">= 3.1.0 < 4"
      }
    },
    "to-fast-properties": {
      "version": "1.0.3",
      "resolved": "https://npm.2kweb.online/to-fast-properties/-/to-fast-properties-1.0.3.tgz",
      "integrity": "sha1-uDVx+k2MJbguIxsG46MFXeTKGkc="
    },
    "token-stream": {
      "version": "0.0.1",
      "resolved": "https://npm.2kweb.online/token-stream/-/token-stream-0.0.1.tgz",
      "integrity": "sha1-zu78cXp2xDFvEm0LnbqlXX598Bo="
    },
    "uglify-js": {
      "version": "2.8.29",
      "resolved": "https://npm.2kweb.online/uglify-js/-/uglify-js-2.8.29.tgz",
      "integrity": "sha1-KcVzMUgFe7Th913zW3qcty5qWd0=",
      "requires": {
        "source-map": "~0.5.1",
        "uglify-to-browserify": "~1.0.0",
        "yargs": "~3.10.0"
      },
      "dependencies": {
        "source-map": {
          "version": "0.5.7",
          "resolved": "https://npm.2kweb.online/source-map/-/source-map-0.5.7.tgz",
          "integrity": "sha1-igOdLRAh0i0eoUyA2OpGi6LvP8w="
        }
      }
    },
    "uglify-to-browserify": {
      "version": "1.0.2",
      "resolved": "https://npm.2kweb.online/uglify-to-browserify/-/uglify-to-browserify-1.0.2.tgz",
      "integrity": "sha1-bgkk1r2mta/jSeOabWMoUKD4grc=",
      "optional": true
    },
    "virtual-dom": {
      "version": "2.1.1",
      "resolved": "https://npm.2kweb.online/virtual-dom/-/virtual-dom-2.1.1.tgz",
      "integrity": "sha1-gO2i1IG57eDASRGM78tKBfIdE3U=",
      "requires": {
        "browser-split": "0.0.1",
        "error": "^4.3.0",
        "ev-store": "^7.0.0",
        "global": "^4.3.0",
        "is-object": "^1.0.1",
        "next-tick": "^0.2.2",
        "x-is-array": "0.1.0",
        "x-is-string": "0.1.0"
      }
    },
    "void-elements": {
      "version": "2.0.1",
      "resolved": "https://npm.2kweb.online/void-elements/-/void-elements-2.0.1.tgz",
      "integrity": "sha1-wGavtYK7HLQSjWDqkjkulNXp2+w="
    },
    "weddell": {
      "version": "3.5.7",
      "resolved": "https://npm.2kweb.online/weddell/-/weddell-3.5.7.tgz",
      "integrity": "sha512-s3DNfg9CEA/aWYXEOsPmqRkPKKeQFqUuCKQvKIDSlZwy9DkVvZO2YbLK6dKmkCn0eDnyjZa9+nSJ93arJB/prg==",
      "requires": {
        "@weddell/event-emitter-mixin": "^1.1.5",
        "@weddell/mixwith": "^0.1.5",
        "@weddell/vdom-virtualize": "^2.0.1",
        "array-compact": "^1.0.0",
        "array-uniq": "^1.0.3",
        "array.prototype.flat": "^1.2.1",
        "deep-equal": "^1.0.1",
        "defaults-es6": "^1.1.1",
        "document-ready-promise": "^3.0.1",
        "find-parent": "^2.0.2",
        "path-to-regexp": "^1.7.0",
        "virtual-dom": "^2.1.1"
      }
    },
    "window-size": {
      "version": "0.1.0",
      "resolved": "https://npm.2kweb.online/window-size/-/window-size-0.1.0.tgz",
      "integrity": "sha1-VDjNLqk7IC76Ohn+iIeu58lPnJ0="
    },
    "with": {
      "version": "5.1.1",
      "resolved": "https://npm.2kweb.online/with/-/with-5.1.1.tgz",
      "integrity": "sha1-+k2qktrzLE6pTtRTyB8EaGtXXf4=",
      "requires": {
        "acorn": "^3.1.0",
        "acorn-globals": "^3.0.0"
      }
    },
    "wordwrap": {
      "version": "0.0.2",
      "resolved": "https://npm.2kweb.online/wordwrap/-/wordwrap-0.0.2.tgz",
      "integrity": "sha1-t5Zpu0LstAn4PVg8rVLKF+qhZD8="
    },
    "wrappy": {
      "version": "1.0.2",
      "resolved": "https://npm.2kweb.online/wrappy/-/wrappy-1.0.2.tgz",
      "integrity": "sha1-tSQ9jz7BqjXxNkYFvA0QNuMKtp8="
    },
    "x-is-array": {
      "version": "0.1.0",
      "resolved": "https://npm.2kweb.online/x-is-array/-/x-is-array-0.1.0.tgz",
      "integrity": "sha1-3lIBcdR7P0FvVYfWKbidJrEtwp0="
    },
    "x-is-string": {
      "version": "0.1.0",
      "resolved": "https://npm.2kweb.online/x-is-string/-/x-is-string-0.1.0.tgz",
      "integrity": "sha1-R0tQhlrzpJqcRlfwWs0UVFj3fYI="
    },
    "xtend": {
      "version": "4.0.2",
      "resolved": "https://npm.2kweb.online/xtend/-/xtend-4.0.2.tgz",
      "integrity": "sha512-LKYU1iAXJXUgAXn9URjiu+MWhyUXHsvfp7mcuYm9dSUKK0/CjtrUwFAxD82/mCWbtLsGjFIad0wIsod4zrTAEQ=="
    },
    "yargs": {
      "version": "3.10.0",
      "resolved": "https://npm.2kweb.online/yargs/-/yargs-3.10.0.tgz",
      "integrity": "sha1-9+572FfdfB0tOMDnTvvWgdFDH9E=",
      "requires": {
        "camelcase": "^1.0.2",
        "cliui": "^2.1.0",
        "decamelize": "^1.0.0",
        "window-size": "0.1.0"
      }
    }
  }
}
